
Microsoft Visual Studio Solution File, Format Version 12.00
# Visual Studio 2013
VisualStudioVersion = 12.0.30626.0
MinimumVisualStudioVersion = 10.0.40219.1
Project("{FAE04EC0-301F-11D3-BF4B-00C04F79EFBC}") = "OGN.Sharepoint.Services", "OGN.Sharepoint.Services\OGN.Sharepoint.Services.csproj", "{535C2126-FC81-45B1-8649-B1707103BCD2}"
EndProject
Project("{FAE04EC0-301F-11D3-BF4B-00C04F79EFBC}") = "OGN.SharePoint.Services.InitialLoad", "OGN.SharePoint.Services.InitialLoad\OGN.SharePoint.Services.InitialLoad.csproj", "{567B8DD3-83EC-41E3-A7B3-B3AADF91D513}"
EndProject
Global
	GlobalSection(SolutionConfigurationPlatforms) = preSolution
		Debug|Any CPU = Debug|Any CPU
		Release|Any CPU = Release|Any CPU
	EndGlobalSection
	GlobalSection(ProjectConfigurationPlatforms) = postSolution
		{535C2126-FC81-45B1-8649-B1707103BCD2}.Debug|Any CPU.ActiveCfg = Debug|Any CPU
		{535C2126-FC81-45B1-8649-B1707103BCD2}.Debug|Any CPU.Build.0 = Debug|Any CPU
		{535C2126-FC81-45B1-8649-B1707103BCD2}.Release|Any CPU.ActiveCfg = Release|Any CPU
		{535C2126-FC81-45B1-8649-B1707103BCD2}.Release|Any CPU.Build.0 = Release|Any CPU
		{567B8DD3-83EC-41E3-A7B3-B3AADF91D513}.Debug|Any CPU.ActiveCfg = Debug|Any CPU
		{567B8DD3-83EC-41E3-A7B3-B3AADF91D513}.Debug|Any CPU.Build.0 = Debug|Any CPU
		{567B8DD3-83EC-41E3-A7B3-B3AADF91D513}.Release|Any CPU.ActiveCfg = Release|Any CPU
		{567B8DD3-83EC-41E3-A7B3-B3AADF91D513}.Release|Any CPU.Build.0 = Release|Any CPU
	EndGlobalSection
	GlobalSection(SolutionProperties) = preSolution
		HideSolutionNode = FALSE
	EndGlobalSection
EndGlobal
